
Microsoft Visual Studio Solution File, Format Version 12.00
# Visual Studio Version 16
VisualStudioVersion = 16.0.30011.22
MinimumVisualStudioVersion = 10.0.40219.1
Project("{9A19103F-16F7-4668-BE54-9A1E7A4F7556}") = "StorageInstruments", "StorageInstruments\StorageInstruments.csproj", "{96DCA0C6-883F-42D4-BC9C-273FA9E77DE9}"
EndProject
Project("{9A19103F-16F7-4668-BE54-9A1E7A4F7556}") = "StorageInstruments.Model", "StorageInstruments.Model\StorageInstruments.Model.csproj", "{1F9E5B41-3A6E-4B92-8C87-750F7A38ACAC}"
EndProject
Project("{9A19103F-16F7-4668-BE54-9A1E7A4F7556}") = "StorageInstruments.Data", "StorageInstruments.Data\StorageInstruments.Data.csproj", "{B4A11690-A8E3-4E14-B4AD-79FC178EA8D3}"
EndProject
Project("{9A19103F-16F7-4668-BE54-9A1E7A4F7556}") = "StorageInstruments.DataContract", "StorageInstruments.DataContract\StorageInstruments.DataContract.csproj", "{35AA0666-C19F-450E-94E0-2EDCE1713562}"
EndProject
Project("{9A19103F-16F7-4668-BE54-9A1E7A4F7556}") = "StorageInstruments.MSTest", "StorageInstruments.MSTest\StorageInstruments.MSTest.csproj", "{C19ED538-6D6F-49BD-964E-D221CDD4DB18}"
EndProject
Project("{9A19103F-16F7-4668-BE54-9A1E7A4F7556}") = "StorageInstruments.Service", "StorageInstruments.Service\StorageInstruments.Service.csproj", "{C521ED0F-6ACB-4D0D-84A7-24131E852019}"
EndProject
Project("{9A19103F-16F7-4668-BE54-9A1E7A4F7556}") = "StorageInstruments.Utils", "StorageInstruments.Utils\StorageInstruments.Utils.csproj", "{06A57E01-101F-4D3E-9537-581755C449D9}"
EndProject
Project("{FAE04EC0-301F-11D3-BF4B-00C04F79EFBC}") = "StorageInstruments.DTO", "StorageInstruments.DTO\StorageInstruments.DTO.csproj", "{B715399E-302A-4E2A-9B3F-90DB8F67775A}"
EndProject
Global
	GlobalSection(SolutionConfigurationPlatforms) = preSolution
		Debug|Any CPU = Debug|Any CPU
		Release|Any CPU = Release|Any CPU
	EndGlobalSection
	GlobalSection(ProjectConfigurationPlatforms) = postSolution
		{96DCA0C6-883F-42D4-BC9C-273FA9E77DE9}.Debug|Any CPU.ActiveCfg = Debug|Any CPU
		{96DCA0C6-883F-42D4-BC9C-273FA9E77DE9}.Debug|Any CPU.Build.0 = Debug|Any CPU
		{96DCA0C6-883F-42D4-BC9C-273FA9E77DE9}.Release|Any CPU.ActiveCfg = Release|Any CPU
		{96DCA0C6-883F-42D4-BC9C-273FA9E77DE9}.Release|Any CPU.Build.0 = Release|Any CPU
		{1F9E5B41-3A6E-4B92-8C87-750F7A38ACAC}.Debug|Any CPU.ActiveCfg = Debug|Any CPU
		{1F9E5B41-3A6E-4B92-8C87-750F7A38ACAC}.Debug|Any CPU.Build.0 = Debug|Any CPU
		{1F9E5B41-3A6E-4B92-8C87-750F7A38ACAC}.Release|Any CPU.ActiveCfg = Release|Any CPU
		{1F9E5B41-3A6E-4B92-8C87-750F7A38ACAC}.Release|Any CPU.Build.0 = Release|Any CPU
		{B4A11690-A8E3-4E14-B4AD-79FC178EA8D3}.Debug|Any CPU.ActiveCfg = Debug|Any CPU
		{B4A11690-A8E3-4E14-B4AD-79FC178EA8D3}.Debug|Any CPU.Build.0 = Debug|Any CPU
		{B4A11690-A8E3-4E14-B4AD-79FC178EA8D3}.Release|Any CPU.ActiveCfg = Release|Any CPU
		{B4A11690-A8E3-4E14-B4AD-79FC178EA8D3}.Release|Any CPU.Build.0 = Release|Any CPU
		{35AA0666-C19F-450E-94E0-2EDCE1713562}.Debug|Any CPU.ActiveCfg = Debug|Any CPU
		{35AA0666-C19F-450E-94E0-2EDCE1713562}.Debug|Any CPU.Build.0 = Debug|Any CPU
		{35AA0666-C19F-450E-94E0-2EDCE1713562}.Release|Any CPU.ActiveCfg = Release|Any CPU
		{35AA0666-C19F-450E-94E0-2EDCE1713562}.Release|Any CPU.Build.0 = Release|Any CPU
		{C19ED538-6D6F-49BD-964E-D221CDD4DB18}.Debug|Any CPU.ActiveCfg = Debug|Any CPU
		{C19ED538-6D6F-49BD-964E-D221CDD4DB18}.Debug|Any CPU.Build.0 = Debug|Any CPU
		{C19ED538-6D6F-49BD-964E-D221CDD4DB18}.Release|Any CPU.ActiveCfg = Release|Any CPU
		{C19ED538-6D6F-49BD-964E-D221CDD4DB18}.Release|Any CPU.Build.0 = Release|Any CPU
		{C521ED0F-6ACB-4D0D-84A7-24131E852019}.Debug|Any CPU.ActiveCfg = Debug|Any CPU
		{C521ED0F-6ACB-4D0D-84A7-24131E852019}.Debug|Any CPU.Build.0 = Debug|Any CPU
		{C521ED0F-6ACB-4D0D-84A7-24131E852019}.Release|Any CPU.ActiveCfg = Release|Any CPU
		{C521ED0F-6ACB-4D0D-84A7-24131E852019}.Release|Any CPU.Build.0 = Release|Any CPU
		{06A57E01-101F-4D3E-9537-581755C449D9}.Debug|Any CPU.ActiveCfg = Debug|Any CPU
		{06A57E01-101F-4D3E-9537-581755C449D9}.Debug|Any CPU.Build.0 = Debug|Any CPU
		{06A57E01-101F-4D3E-9537-581755C449D9}.Release|Any CPU.ActiveCfg = Release|Any CPU
		{06A57E01-101F-4D3E-9537-581755C449D9}.Release|Any CPU.Build.0 = Release|Any CPU
		{B715399E-302A-4E2A-9B3F-90DB8F67775A}.Debug|Any CPU.ActiveCfg = Debug|Any CPU
		{B715399E-302A-4E2A-9B3F-90DB8F67775A}.Debug|Any CPU.Build.0 = Debug|Any CPU
		{B715399E-302A-4E2A-9B3F-90DB8F67775A}.Release|Any CPU.ActiveCfg = Release|Any CPU
		{B715399E-302A-4E2A-9B3F-90DB8F67775A}.Release|Any CPU.Build.0 = Release|Any CPU
	EndGlobalSection
	GlobalSection(SolutionProperties) = preSolution
		HideSolutionNode = FALSE
	EndGlobalSection
	GlobalSection(ExtensibilityGlobals) = postSolution
		SolutionGuid = {B41673FC-B267-4A35-8578-A7780E8B1280}
	EndGlobalSection
EndGlobal
